
Microsoft Visual Studio Solution File, Format Version 12.00
# Visual Studio 15
VisualStudioVersion = 15.0.28307.421
MinimumVisualStudioVersion = 10.0.40219.1
Project("{FAE04EC0-301F-11D3-BF4B-00C04F79EFBC}") = "OvceSistem", "OvceSistem\OvceSistem.csproj", "{1C1180F2-E64F-4ED8-B120-523D0E30C325}"
EndProject
Global
	GlobalSection(SolutionConfigurationPlatforms) = preSolution
		Debug|Any CPU = Debug|Any CPU
		Release|Any CPU = Release|Any CPU
	EndGlobalSection
	GlobalSection(ProjectConfigurationPlatforms) = postSolution
		{1C1180F2-E64F-4ED8-B120-523D0E30C325}.Debug|Any CPU.ActiveCfg = Debug|Any CPU
		{1C1180F2-E64F-4ED8-B120-523D0E30C325}.Debug|Any CPU.Build.0 = Debug|Any CPU
		{1C1180F2-E64F-4ED8-B120-523D0E30C325}.Release|Any CPU.ActiveCfg = Release|Any CPU
		{1C1180F2-E64F-4ED8-B120-523D0E30C325}.Release|Any CPU.Build.0 = Release|Any CPU
	EndGlobalSection
	GlobalSection(SolutionProperties) = preSolution
		HideSolutionNode = FALSE
	EndGlobalSection
	GlobalSection(ExtensibilityGlobals) = postSolution
		SolutionGuid = {CE9CED02-47EC-4AAF-AA65-F09596D2B1F7}
	EndGlobalSection
EndGlobal
